
Microsoft Visual Studio Solution File, Format Version 12.00
# Visual Studio Version 17
VisualStudioVersion = 17.8.34309.116
MinimumVisualStudioVersion = 10.0.40219.1
Project("{FAE04EC0-301F-11D3-BF4B-00C04F79EFBC}") = "Labw5", "Labw5\Labw5.csproj", "{067E11FF-085D-4956-BDA7-565DBCEBF9DE}"
EndProject
Global
	GlobalSection(SolutionConfigurationPlatforms) = preSolution
		Debug|Any CPU = Debug|Any CPU
		Release|Any CPU = Release|Any CPU
	EndGlobalSection
	GlobalSection(ProjectConfigurationPlatforms) = postSolution
		{067E11FF-085D-4956-BDA7-565DBCEBF9DE}.Debug|Any CPU.ActiveCfg = Debug|Any CPU
		{067E11FF-085D-4956-BDA7-565DBCEBF9DE}.Debug|Any CPU.Build.0 = Debug|Any CPU
		{067E11FF-085D-4956-BDA7-565DBCEBF9DE}.Release|Any CPU.ActiveCfg = Release|Any CPU
		{067E11FF-085D-4956-BDA7-565DBCEBF9DE}.Release|Any CPU.Build.0 = Release|Any CPU
	EndGlobalSection
	GlobalSection(SolutionProperties) = preSolution
		HideSolutionNode = FALSE
	EndGlobalSection
	GlobalSection(ExtensibilityGlobals) = postSolution
		SolutionGuid = {E71A1C66-67E2-41D2-BB40-9788A232F64E}
	EndGlobalSection
EndGlobal
